// !$*UTF8*$!
{
	archiveVersion = 1;
	classes = {
	};
	objectVersion = 46;
	objects = {

/* Begin PBXBuildFile section */
		D811D26A1543088900D7FFBB /* TestCustomObjectsSimple.m in Sources */ = {isa = PBXBuildFile; fileRef = D811D2691543088900D7FFBB /* TestCustomObjectsSimple.m */; };
		D81677041416265A0082CEB6 /* TestGroup.m in Sources */ = {isa = PBXBuildFile; fileRef = D81677031416265A0082CEB6 /* TestGroup.m */; };
		D827A0BC151E0D1A0071645A /* TestCustomObjects.m in Sources */ = {isa = PBXBuildFile; fileRef = D827A0BB151E0D1A0071645A /* TestCustomObjects.m */; };
		D854B626141508000019D7E2 /* TestClassNames.plist in Resources */ = {isa = PBXBuildFile; fileRef = D854B625141508000019D7E2 /* TestClassNames.plist */; };
		D8B6D9BF154D665200C483CF /* TestCustomObjectsExtended.m in Sources */ = {isa = PBXBuildFile; fileRef = D8B6D9BE154D665200C483CF /* TestCustomObjectsExtended.m */; };
		D8C1EDBE142A056800FED1B0 /* file1.plist in Resources */ = {isa = PBXBuildFile; fileRef = D8C1EDBD142A056800FED1B0 /* file1.plist */; };
		D8C1EDC1142A056F00FED1B0 /* file2.plist in Resources */ = {isa = PBXBuildFile; fileRef = D8C1EDC0142A056F00FED1B0 /* file2.plist */; };
		D8C1EDC5142A057B00FED1B0 /* file3.plist in Resources */ = {isa = PBXBuildFile; fileRef = D8C1EDC2142A057B00FED1B0 /* file3.plist */; };
		D8C1EDC6142A057B00FED1B0 /* file4.plist in Resources */ = {isa = PBXBuildFile; fileRef = D8C1EDC3142A057B00FED1B0 /* file4.plist */; };
		D8C1EDCA142A0FC300FED1B0 /* TestRemoteRequest.m in Sources */ = {isa = PBXBuildFile; fileRef = D8C1EDC9142A0FC300FED1B0 /* TestRemoteRequest.m */; };
		D8CCFCFA1489B0390015DF1E /* TestStringInput.m in Sources */ = {isa = PBXBuildFile; fileRef = D8CCFCF91489B0390015DF1E /* TestStringInput.m */; };
		D8CCFD021489B06A0015DF1E /* NDJSON.m in Sources */ = {isa = PBXBuildFile; fileRef = D8CCFCFD1489B06A0015DF1E /* NDJSON.m */; };
		D8CCFD041489B06A0015DF1E /* NDJSONParser.m in Sources */ = {isa = PBXBuildFile; fileRef = D8CCFD011489B06A0015DF1E /* NDJSONParser.m */; };
		D8D6023A1414FD91007F8A29 /* Cocoa.framework in Frameworks */ = {isa = PBXBuildFile; fileRef = D8D602391414FD91007F8A29 /* Cocoa.framework */; };
		D8D602441414FD91007F8A29 /* InfoPlist.strings in Resources */ = {isa = PBXBuildFile; fileRef = D8D602421414FD91007F8A29 /* InfoPlist.strings */; };
		D8D602461414FD91007F8A29 /* main.m in Sources */ = {isa = PBXBuildFile; fileRef = D8D602451414FD91007F8A29 /* main.m */; };
		D8D6024A1414FD91007F8A29 /* Credits.rtf in Resources */ = {isa = PBXBuildFile; fileRef = D8D602481414FD91007F8A29 /* Credits.rtf */; };
		D8D6024D1414FD91007F8A29 /* NDAppDelegate.m in Sources */ = {isa = PBXBuildFile; fileRef = D8D6024C1414FD91007F8A29 /* NDAppDelegate.m */; };
		D8D602501414FD92007F8A29 /* MainMenu.xib in Resources */ = {isa = PBXBuildFile; fileRef = D8D6024E1414FD92007F8A29 /* MainMenu.xib */; };
		D8E25AE714C0328C001B02DA /* TestUnicharEscapeSquence.m in Sources */ = {isa = PBXBuildFile; fileRef = D8E25AE614C0328C001B02DA /* TestUnicharEscapeSquence.m */; };
		D8E7E870157B4157002538D9 /* TestStringEncodings.m in Sources */ = {isa = PBXBuildFile; fileRef = D8E7E86F157B4157002538D9 /* TestStringEncodings.m */; };
		D8F022641425EB3000504B84 /* TestFileInput.m in Sources */ = {isa = PBXBuildFile; fileRef = D8F022631425EB3000504B84 /* TestFileInput.m */; };
		D8F022711425F44000504B84 /* file1.json in Resources */ = {isa = PBXBuildFile; fileRef = D8F0226B1425F44000504B84 /* file1.json */; };
		D8F022721425F44000504B84 /* file2.json in Resources */ = {isa = PBXBuildFile; fileRef = D8F0226C1425F44000504B84 /* file2.json */; };
		D8F022731425F44000504B84 /* file3.json in Resources */ = {isa = PBXBuildFile; fileRef = D8F0226D1425F44000504B84 /* file3.json */; };
		D8F022741425F44000504B84 /* file4.json in Resources */ = {isa = PBXBuildFile; fileRef = D8F0226E1425F44000504B84 /* file4.json */; };
		D8F0227A1426283300504B84 /* TestFragementedInput.m in Sources */ = {isa = PBXBuildFile; fileRef = D8F022791426283300504B84 /* TestFragementedInput.m */; };
		D8F0227D142634B700504B84 /* TestProtocolBase.m in Sources */ = {isa = PBXBuildFile; fileRef = D8F0227C142634B700504B84 /* TestProtocolBase.m */; };
		D8FFDFBA1418CDD900F24E54 /* TestOperation.m in Sources */ = {isa = PBXBuildFile; fileRef = D8FFDFB91418CDD900F24E54 /* TestOperation.m */; };
/* End PBXBuildFile section */

/* Begin PBXFileReference section */
		D811D2681543088900D7FFBB /* TestCustomObjectsSimple.h */ = {isa = PBXFileReference; fileEncoding = 4; lastKnownFileType = sourcecode.c.h; path = TestCustomObjectsSimple.h; sourceTree = "<group>"; };
		D811D2691543088900D7FFBB /* TestCustomObjectsSimple.m */ = {isa = PBXFileReference; fileEncoding = 4; lastKnownFileType = sourcecode.c.objc; path = TestCustomObjectsSimple.m; sourceTree = "<group>"; };
		D81676FE141624E30082CEB6 /* TestStringInput.h */ = {isa = PBXFileReference; fileEncoding = 4; lastKnownFileType = sourcecode.c.h; path = TestStringInput.h; sourceTree = "<group>"; };
		D81677021416265A0082CEB6 /* TestGroup.h */ = {isa = PBXFileReference; fileEncoding = 4; lastKnownFileType = sourcecode.c.h; path = TestGroup.h; sourceTree = "<group>"; };
		D81677031416265A0082CEB6 /* TestGroup.m */ = {isa = PBXFileReference; fileEncoding = 4; lastKnownFileType = sourcecode.c.objc; path = TestGroup.m; sourceTree = "<group>"; };
		D827A0BA151E0D1A0071645A /* TestCustomObjects.h */ = {isa = PBXFileReference; fileEncoding = 4; lastKnownFileType = sourcecode.c.h; path = TestCustomObjects.h; sourceTree = "<group>"; };
		D827A0BB151E0D1A0071645A /* TestCustomObjects.m */ = {isa = PBXFileReference; fileEncoding = 4; lastKnownFileType = sourcecode.c.objc; path = TestCustomObjects.m; sourceTree = "<group>"; };
		D854B625141508000019D7E2 /* TestClassNames.plist */ = {isa = PBXFileReference; fileEncoding = 4; lastKnownFileType = text.plist.xml; path = TestClassNames.plist; sourceTree = "<group>"; };
		D8B6D9BD154D665200C483CF /* TestCustomObjectsExtended.h */ = {isa = PBXFileReference; fileEncoding = 4; lastKnownFileType = sourcecode.c.h; path = TestCustomObjectsExtended.h; sourceTree = "<group>"; };
		D8B6D9BE154D665200C483CF /* TestCustomObjectsExtended.m */ = {isa = PBXFileReference; fileEncoding = 4; lastKnownFileType = sourcecode.c.objc; path = TestCustomObjectsExtended.m; sourceTree = "<group>"; };
		D8C1EDBD142A056800FED1B0 /* file1.plist */ = {isa = PBXFileReference; lastKnownFileType = text.plist; path = file1.plist; sourceTree = "<group>"; };
		D8C1EDC0142A056F00FED1B0 /* file2.plist */ = {isa = PBXFileReference; lastKnownFileType = text.plist; path = file2.plist; sourceTree = "<group>"; };
		D8C1EDC2142A057B00FED1B0 /* file3.plist */ = {isa = PBXFileReference; lastKnownFileType = text.plist; path = file3.plist; sourceTree = "<group>"; };
		D8C1EDC3142A057B00FED1B0 /* file4.plist */ = {isa = PBXFileReference; lastKnownFileType = text.plist; path = file4.plist; sourceTree = "<group>"; };
		D8C1EDC8142A0FC300FED1B0 /* TestRemoteRequest.h */ = {isa = PBXFileReference; fileEncoding = 4; lastKnownFileType = sourcecode.c.h; path = TestRemoteRequest.h; sourceTree = "<group>"; };
		D8C1EDC9142A0FC300FED1B0 /* TestRemoteRequest.m */ = {isa = PBXFileReference; fileEncoding = 4; lastKnownFileType = sourcecode.c.objc; path = TestRemoteRequest.m; sourceTree = "<group>"; };
		D8CCFCF91489B0390015DF1E /* TestStringInput.m */ = {isa = PBXFileReference; fileEncoding = 4; lastKnownFileType = sourcecode.c.objc; path = TestStringInput.m; sourceTree = "<group>"; };
		D8CCFCFC1489B06A0015DF1E /* NDJSON.h */ = {isa = PBXFileReference; fileEncoding = 4; lastKnownFileType = sourcecode.c.h; path = NDJSON.h; sourceTree = "<group>"; usesTabs = 1; };
		D8CCFCFD1489B06A0015DF1E /* NDJSON.m */ = {isa = PBXFileReference; fileEncoding = 4; lastKnownFileType = sourcecode.c.objc; path = NDJSON.m; sourceTree = "<group>"; usesTabs = 1; };
		D8CCFD001489B06A0015DF1E /* NDJSONParser.h */ = {isa = PBXFileReference; fileEncoding = 4; lastKnownFileType = sourcecode.c.h; path = NDJSONParser.h; sourceTree = "<group>"; usesTabs = 1; };
		D8CCFD011489B06A0015DF1E /* NDJSONParser.m */ = {isa = PBXFileReference; fileEncoding = 4; lastKnownFileType = sourcecode.c.objc; path = NDJSONParser.m; sourceTree = "<group>"; usesTabs = 1; };
		D8D602351414FD91007F8A29 /* NDJSON.app */ = {isa = PBXFileReference; explicitFileType = wrapper.application; includeInIndex = 0; path = NDJSON.app; sourceTree = BUILT_PRODUCTS_DIR; };
		D8D602391414FD91007F8A29 /* Cocoa.framework */ = {isa = PBXFileReference; lastKnownFileType = wrapper.framework; name = Cocoa.framework; path = System/Library/Frameworks/Cocoa.framework; sourceTree = SDKROOT; };
		D8D6023C1414FD91007F8A29 /* AppKit.framework */ = {isa = PBXFileReference; lastKnownFileType = wrapper.framework; name = AppKit.framework; path = System/Library/Frameworks/AppKit.framework; sourceTree = SDKROOT; };
		D8D6023D1414FD91007F8A29 /* CoreData.framework */ = {isa = PBXFileReference; lastKnownFileType = wrapper.framework; name = CoreData.framework; path = System/Library/Frameworks/CoreData.framework; sourceTree = SDKROOT; };
		D8D6023E1414FD91007F8A29 /* Foundation.framework */ = {isa = PBXFileReference; lastKnownFileType = wrapper.framework; name = Foundation.framework; path = System/Library/Frameworks/Foundation.framework; sourceTree = SDKROOT; };
		D8D602411414FD91007F8A29 /* NDJSON-Info.plist */ = {isa = PBXFileReference; lastKnownFileType = text.plist.xml; path = "NDJSON-Info.plist"; sourceTree = "<group>"; };
		D8D602431414FD91007F8A29 /* en */ = {isa = PBXFileReference; lastKnownFileType = text.plist.strings; name = en; path = en.lproj/InfoPlist.strings; sourceTree = "<group>"; };
		D8D602451414FD91007F8A29 /* main.m */ = {isa = PBXFileReference; lastKnownFileType = sourcecode.c.objc; path = main.m; sourceTree = "<group>"; };
		D8D602471414FD91007F8A29 /* NDJSON-Prefix.pch */ = {isa = PBXFileReference; lastKnownFileType = sourcecode.c.h; path = "NDJSON-Prefix.pch"; sourceTree = "<group>"; };
		D8D602491414FD91007F8A29 /* en */ = {isa = PBXFileReference; lastKnownFileType = text.rtf; name = en; path = en.lproj/Credits.rtf; sourceTree = "<group>"; };
		D8D6024B1414FD91007F8A29 /* NDAppDelegate.h */ = {isa = PBXFileReference; lastKnownFileType = sourcecode.c.h; path = NDAppDelegate.h; sourceTree = "<group>"; };
		D8D6024C1414FD91007F8A29 /* NDAppDelegate.m */ = {isa = PBXFileReference; lastKnownFileType = sourcecode.c.objc; path = NDAppDelegate.m; sourceTree = "<group>"; usesTabs = 1; };
		D8D6024F1414FD92007F8A29 /* en */ = {isa = PBXFileReference; lastKnownFileType = file.xib; name = en; path = en.lproj/MainMenu.xib; sourceTree = "<group>"; };
		D8E25AE514C0328C001B02DA /* TestUnicharEscapeSquence.h */ = {isa = PBXFileReference; fileEncoding = 4; lastKnownFileType = sourcecode.c.h; path = TestUnicharEscapeSquence.h; sourceTree = "<group>"; };
		D8E25AE614C0328C001B02DA /* TestUnicharEscapeSquence.m */ = {isa = PBXFileReference; fileEncoding = 4; lastKnownFileType = sourcecode.c.objc; path = TestUnicharEscapeSquence.m; sourceTree = "<group>"; };
		D8E7E86E157B4157002538D9 /* TestStringEncodings.h */ = {isa = PBXFileReference; fileEncoding = 4; lastKnownFileType = sourcecode.c.h; path = TestStringEncodings.h; sourceTree = "<group>"; };
		D8E7E86F157B4157002538D9 /* TestStringEncodings.m */ = {isa = PBXFileReference; fileEncoding = 4; lastKnownFileType = sourcecode.c.objc; path = TestStringEncodings.m; sourceTree = "<group>"; };
		D8F022621425EB3000504B84 /* TestFileInput.h */ = {isa = PBXFileReference; fileEncoding = 4; lastKnownFileType = sourcecode.c.h; path = TestFileInput.h; sourceTree = "<group>"; };
		D8F022631425EB3000504B84 /* TestFileInput.m */ = {isa = PBXFileReference; fileEncoding = 4; lastKnownFileType = sourcecode.c.objc; path = TestFileInput.m; sourceTree = "<group>"; };
		D8F0226B1425F44000504B84 /* file1.json */ = {isa = PBXFileReference; fileEncoding = 4; lastKnownFileType = text.json; path = file1.json; sourceTree = "<group>"; };
		D8F0226C1425F44000504B84 /* file2.json */ = {isa = PBXFileReference; fileEncoding = 4; lastKnownFileType = text.json; path = file2.json; sourceTree = "<group>"; };
		D8F0226D1425F44000504B84 /* file3.json */ = {isa = PBXFileReference; fileEncoding = 4; lastKnownFileType = text.json; path = file3.json; sourceTree = "<group>"; };
		D8F0226E1425F44000504B84 /* file4.json */ = {isa = PBXFileReference; fileEncoding = 4; lastKnownFileType = text.json; path = file4.json; sourceTree = "<group>"; };
		D8F022781426283300504B84 /* TestFragementedInput.h */ = {isa = PBXFileReference; fileEncoding = 4; lastKnownFileType = sourcecode.c.h; path = TestFragementedInput.h; sourceTree = "<group>"; };
		D8F022791426283300504B84 /* TestFragementedInput.m */ = {isa = PBXFileReference; fileEncoding = 4; lastKnownFileType = sourcecode.c.objc; path = TestFragementedInput.m; sourceTree = "<group>"; };
		D8F0227B142634B600504B84 /* TestProtocolBase.h */ = {isa = PBXFileReference; fileEncoding = 4; lastKnownFileType = sourcecode.c.h; path = TestProtocolBase.h; sourceTree = "<group>"; };
		D8F0227C142634B700504B84 /* TestProtocolBase.m */ = {isa = PBXFileReference; fileEncoding = 4; lastKnownFileType = sourcecode.c.objc; path = TestProtocolBase.m; sourceTree = "<group>"; };
		D8FFDFB81418CDD900F24E54 /* TestOperation.h */ = {isa = PBXFileReference; fileEncoding = 4; lastKnownFileType = sourcecode.c.h; path = TestOperation.h; sourceTree = "<group>"; };
		D8FFDFB91418CDD900F24E54 /* TestOperation.m */ = {isa = PBXFileReference; fileEncoding = 4; lastKnownFileType = sourcecode.c.objc; path = TestOperation.m; sourceTree = "<group>"; };
/* End PBXFileReference section */

/* Begin PBXFrameworksBuildPhase section */
		D8D602321414FD91007F8A29 /* Frameworks */ = {
			isa = PBXFrameworksBuildPhase;
			buildActionMask = 2147483647;
			files = (
				D8D6023A1414FD91007F8A29 /* Cocoa.framework in Frameworks */,
			);
			runOnlyForDeploymentPostprocessing = 0;
		};
/* End PBXFrameworksBuildPhase section */

/* Begin PBXGroup section */
		D8CCFCFB1489B06A0015DF1E /* NDJSON */ = {
			isa = PBXGroup;
			children = (
				D8CCFCFC1489B06A0015DF1E /* NDJSON.h */,
				D8CCFCFD1489B06A0015DF1E /* NDJSON.m */,
				D8CCFD001489B06A0015DF1E /* NDJSONParser.h */,
				D8CCFD011489B06A0015DF1E /* NDJSONParser.m */,
			);
			path = NDJSON;
			sourceTree = "<group>";
		};
		D8D6022A1414FD91007F8A29 = {
			isa = PBXGroup;
			children = (
				D8D6023F1414FD91007F8A29 /* NDJSON */,
				D8D602381414FD91007F8A29 /* Frameworks */,
				D8D602361414FD91007F8A29 /* Products */,
			);
			sourceTree = "<group>";
		};
		D8D602361414FD91007F8A29 /* Products */ = {
			isa = PBXGroup;
			children = (
				D8D602351414FD91007F8A29 /* NDJSON.app */,
			);
			name = Products;
			sourceTree = "<group>";
		};
		D8D602381414FD91007F8A29 /* Frameworks */ = {
			isa = PBXGroup;
			children = (
				D8D602391414FD91007F8A29 /* Cocoa.framework */,
				D8D6023B1414FD91007F8A29 /* Other Frameworks */,
			);
			name = Frameworks;
			sourceTree = "<group>";
		};
		D8D6023B1414FD91007F8A29 /* Other Frameworks */ = {
			isa = PBXGroup;
			children = (
				D8D6023C1414FD91007F8A29 /* AppKit.framework */,
				D8D6023D1414FD91007F8A29 /* CoreData.framework */,
				D8D6023E1414FD91007F8A29 /* Foundation.framework */,
			);
			name = "Other Frameworks";
			sourceTree = "<group>";
		};
		D8D6023F1414FD91007F8A29 /* NDJSON */ = {
			isa = PBXGroup;
			children = (
				D8D6024B1414FD91007F8A29 /* NDAppDelegate.h */,
				D8D6024C1414FD91007F8A29 /* NDAppDelegate.m */,
				D81677021416265A0082CEB6 /* TestGroup.h */,
				D81677031416265A0082CEB6 /* TestGroup.m */,
				D8F0227B142634B600504B84 /* TestProtocolBase.h */,
				D8F0227C142634B700504B84 /* TestProtocolBase.m */,
				D8D6024E1414FD92007F8A29 /* MainMenu.xib */,
				D8CCFCFB1489B06A0015DF1E /* NDJSON */,
				D8D6025B1414FDC5007F8A29 /* Tests */,
				D8D602401414FD91007F8A29 /* Supporting Files */,
				D854B625141508000019D7E2 /* TestClassNames.plist */,
				D8FFDFB81418CDD900F24E54 /* TestOperation.h */,
				D8FFDFB91418CDD900F24E54 /* TestOperation.m */,
			);
			path = NDJSON;
			sourceTree = "<group>";
		};
		D8D602401414FD91007F8A29 /* Supporting Files */ = {
			isa = PBXGroup;
			children = (
				D8D602411414FD91007F8A29 /* NDJSON-Info.plist */,
				D8D602421414FD91007F8A29 /* InfoPlist.strings */,
				D8D602451414FD91007F8A29 /* main.m */,
				D8D602471414FD91007F8A29 /* NDJSON-Prefix.pch */,
				D8D602481414FD91007F8A29 /* Credits.rtf */,
			);
			name = "Supporting Files";
			sourceTree = "<group>";
		};
		D8D6025B1414FDC5007F8A29 /* Tests */ = {
			isa = PBXGroup;
			children = (
				D81676FE141624E30082CEB6 /* TestStringInput.h */,
				D8CCFCF91489B0390015DF1E /* TestStringInput.m */,
				D8E7E86E157B4157002538D9 /* TestStringEncodings.h */,
				D8E7E86F157B4157002538D9 /* TestStringEncodings.m */,
				D8F022621425EB3000504B84 /* TestFileInput.h */,
				D8F022631425EB3000504B84 /* TestFileInput.m */,
				D8F022781426283300504B84 /* TestFragementedInput.h */,
				D8F022791426283300504B84 /* TestFragementedInput.m */,
				D8C1EDC8142A0FC300FED1B0 /* TestRemoteRequest.h */,
				D8C1EDC9142A0FC300FED1B0 /* TestRemoteRequest.m */,
				D8E25AE514C0328C001B02DA /* TestUnicharEscapeSquence.h */,
				D8E25AE614C0328C001B02DA /* TestUnicharEscapeSquence.m */,
				D827A0BA151E0D1A0071645A /* TestCustomObjects.h */,
				D827A0BB151E0D1A0071645A /* TestCustomObjects.m */,
				D8D65BE31539C0F100A2FB48 /* TestCustomObjects */,
				D8F0226A1425F44000504B84 /* SampleFiles */,
			);
			path = Tests;
			sourceTree = "<group>";
		};
		D8D65BE31539C0F100A2FB48 /* TestCustomObjects */ = {
			isa = PBXGroup;
			children = (
				D811D2681543088900D7FFBB /* TestCustomObjectsSimple.h */,
				D811D2691543088900D7FFBB /* TestCustomObjectsSimple.m */,
				D8B6D9BD154D665200C483CF /* TestCustomObjectsExtended.h */,
				D8B6D9BE154D665200C483CF /* TestCustomObjectsExtended.m */,
			);
			path = TestCustomObjects;
			sourceTree = "<group>";
		};
		D8F0226A1425F44000504B84 /* SampleFiles */ = {
			isa = PBXGroup;
			children = (
				D8F0226B1425F44000504B84 /* file1.json */,
				D8C1EDBD142A056800FED1B0 /* file1.plist */,
				D8F0226C1425F44000504B84 /* file2.json */,
				D8C1EDC0142A056F00FED1B0 /* file2.plist */,
				D8F0226D1425F44000504B84 /* file3.json */,
				D8C1EDC2142A057B00FED1B0 /* file3.plist */,
				D8F0226E1425F44000504B84 /* file4.json */,
				D8C1EDC3142A057B00FED1B0 /* file4.plist */,
			);
			path = SampleFiles;
			sourceTree = "<group>";
		};
/* End PBXGroup section */

/* Begin PBXNativeTarget section */
		D8D602341414FD91007F8A29 /* NDJSON */ = {
			isa = PBXNativeTarget;
			buildConfigurationList = D8D602531414FD92007F8A29 /* Build configuration list for PBXNativeTarget "NDJSON" */;
			buildPhases = (
				D8D602311414FD91007F8A29 /* Sources */,
				D8D602321414FD91007F8A29 /* Frameworks */,
				D8D602331414FD91007F8A29 /* Resources */,
			);
			buildRules = (
			);
			dependencies = (
			);
			name = NDJSON;
			productName = NDJSON;
			productReference = D8D602351414FD91007F8A29 /* NDJSON.app */;
			productType = "com.apple.product-type.application";
		};
/* End PBXNativeTarget section */

/* Begin PBXProject section */
		D8D6022C1414FD91007F8A29 /* Project object */ = {
			isa = PBXProject;
			attributes = {
				LastUpgradeCheck = 0440;
				ORGANIZATIONNAME = "Nathan Day";
			};
			buildConfigurationList = D8D6022F1414FD91007F8A29 /* Build configuration list for PBXProject "NDJSON" */;
			compatibilityVersion = "Xcode 3.2";
			developmentRegion = English;
			hasScannedForEncodings = 0;
			knownRegions = (
				en,
			);
			mainGroup = D8D6022A1414FD91007F8A29;
			productRefGroup = D8D602361414FD91007F8A29 /* Products */;
			projectDirPath = "";
			projectRoot = "";
			targets = (
				D8D602341414FD91007F8A29 /* NDJSON */,
			);
		};
/* End PBXProject section */

/* Begin PBXResourcesBuildPhase section */
		D8D602331414FD91007F8A29 /* Resources */ = {
			isa = PBXResourcesBuildPhase;
			buildActionMask = 2147483647;
			files = (
				D8D602441414FD91007F8A29 /* InfoPlist.strings in Resources */,
				D8D6024A1414FD91007F8A29 /* Credits.rtf in Resources */,
				D8D602501414FD92007F8A29 /* MainMenu.xib in Resources */,
				D854B626141508000019D7E2 /* TestClassNames.plist in Resources */,
				D8F022711425F44000504B84 /* file1.json in Resources */,
				D8F022721425F44000504B84 /* file2.json in Resources */,
				D8F022731425F44000504B84 /* file3.json in Resources */,
				D8F022741425F44000504B84 /* file4.json in Resources */,
				D8C1EDBE142A056800FED1B0 /* file1.plist in Resources */,
				D8C1EDC1142A056F00FED1B0 /* file2.plist in Resources */,
				D8C1EDC5142A057B00FED1B0 /* file3.plist in Resources */,
				D8C1EDC6142A057B00FED1B0 /* file4.plist in Resources */,
			);
			runOnlyForDeploymentPostprocessing = 0;
		};
/* End PBXResourcesBuildPhase section */

/* Begin PBXSourcesBuildPhase section */
		D8D602311414FD91007F8A29 /* Sources */ = {
			isa = PBXSourcesBuildPhase;
			buildActionMask = 2147483647;
			files = (
				D8D602461414FD91007F8A29 /* main.m in Sources */,
				D8D6024D1414FD91007F8A29 /* NDAppDelegate.m in Sources */,
				D81677041416265A0082CEB6 /* TestGroup.m in Sources */,
				D8FFDFBA1418CDD900F24E54 /* TestOperation.m in Sources */,
				D8F022641425EB3000504B84 /* TestFileInput.m in Sources */,
				D8F0227A1426283300504B84 /* TestFragementedInput.m in Sources */,
				D8F0227D142634B700504B84 /* TestProtocolBase.m in Sources */,
				D8C1EDCA142A0FC300FED1B0 /* TestRemoteRequest.m in Sources */,
				D8CCFCFA1489B0390015DF1E /* TestStringInput.m in Sources */,
				D8CCFD021489B06A0015DF1E /* NDJSON.m in Sources */,
				D8CCFD041489B06A0015DF1E /* NDJSONParser.m in Sources */,
				D8E25AE714C0328C001B02DA /* TestUnicharEscapeSquence.m in Sources */,
				D827A0BC151E0D1A0071645A /* TestCustomObjects.m in Sources */,
				D811D26A1543088900D7FFBB /* TestCustomObjectsSimple.m in Sources */,
				D8B6D9BF154D665200C483CF /* TestCustomObjectsExtended.m in Sources */,
				D8E7E870157B4157002538D9 /* TestStringEncodings.m in Sources */,
			);
			runOnlyForDeploymentPostprocessing = 0;
		};
/* End PBXSourcesBuildPhase section */

/* Begin PBXVariantGroup section */
		D8D602421414FD91007F8A29 /* InfoPlist.strings */ = {
			isa = PBXVariantGroup;
			children = (
				D8D602431414FD91007F8A29 /* en */,
			);
			name = InfoPlist.strings;
			sourceTree = "<group>";
		};
		D8D602481414FD91007F8A29 /* Credits.rtf */ = {
			isa = PBXVariantGroup;
			children = (
				D8D602491414FD91007F8A29 /* en */,
			);
			name = Credits.rtf;
			sourceTree = "<group>";
		};
		D8D6024E1414FD92007F8A29 /* MainMenu.xib */ = {
			isa = PBXVariantGroup;
			children = (
				D8D6024F1414FD92007F8A29 /* en */,
			);
			name = MainMenu.xib;
			sourceTree = "<group>";
		};
/* End PBXVariantGroup section */

/* Begin XCBuildConfiguration section */
		D8D602511414FD92007F8A29 /* Debug */ = {
			isa = XCBuildConfiguration;
			buildSettings = {
				ALWAYS_SEARCH_USER_PATHS = NO;
				ARCHS = "$(ARCHS_STANDARD_64_BIT)";
				COPY_PHASE_STRIP = NO;
				GCC_C_LANGUAGE_STANDARD = gnu99;
				GCC_DYNAMIC_NO_PIC = NO;
				GCC_ENABLE_OBJC_EXCEPTIONS = YES;
				GCC_OPTIMIZATION_LEVEL = 0;
				GCC_PREPROCESSOR_DEFINITIONS = (
					"DEBUG=1",
					"$(inherited)",
				);
				GCC_SYMBOLS_PRIVATE_EXTERN = NO;
				GCC_VERSION = com.apple.compilers.llvm.clang.1_0;
				GCC_WARN_64_TO_32_BIT_CONVERSION = YES;
				GCC_WARN_ABOUT_MISSING_PROTOTYPES = YES;
				GCC_WARN_ABOUT_RETURN_TYPE = YES;
				GCC_WARN_UNUSED_VARIABLE = YES;
				MACOSX_DEPLOYMENT_TARGET = 10.7;
				ONLY_ACTIVE_ARCH = YES;
				SDKROOT = macosx;
			};
			name = Debug;
		};
		D8D602521414FD92007F8A29 /* Release */ = {
			isa = XCBuildConfiguration;
			buildSettings = {
				ALWAYS_SEARCH_USER_PATHS = NO;
				ARCHS = "$(ARCHS_STANDARD_64_BIT)";
				COPY_PHASE_STRIP = YES;
				DEBUG_INFORMATION_FORMAT = "dwarf-with-dsym";
				GCC_C_LANGUAGE_STANDARD = gnu99;
				GCC_ENABLE_OBJC_EXCEPTIONS = YES;
				GCC_VERSION = com.apple.compilers.llvm.clang.1_0;
				GCC_WARN_64_TO_32_BIT_CONVERSION = YES;
				GCC_WARN_ABOUT_MISSING_PROTOTYPES = YES;
				GCC_WARN_ABOUT_RETURN_TYPE = YES;
				GCC_WARN_UNUSED_VARIABLE = YES;
				MACOSX_DEPLOYMENT_TARGET = 10.7;
				SDKROOT = macosx;
			};
			name = Release;
		};
		D8D602541414FD92007F8A29 /* Debug */ = {
			isa = XCBuildConfiguration;
			buildSettings = {
				GCC_PRECOMPILE_PREFIX_HEADER = YES;
				GCC_PREFIX_HEADER = "NDJSON/NDJSON-Prefix.pch";
				INFOPLIST_FILE = "NDJSON/NDJSON-Info.plist";
				PRODUCT_NAME = "$(TARGET_NAME)";
				WRAPPER_EXTENSION = app;
			};
			name = Debug;
		};
		D8D602551414FD92007F8A29 /* Release */ = {
			isa = XCBuildConfiguration;
			buildSettings = {
				GCC_PRECOMPILE_PREFIX_HEADER = YES;
				GCC_PREFIX_HEADER = "NDJSON/NDJSON-Prefix.pch";
				INFOPLIST_FILE = "NDJSON/NDJSON-Info.plist";
				PRODUCT_NAME = "$(TARGET_NAME)";
				WRAPPER_EXTENSION = app;
			};
			name = Release;
		};
/* End XCBuildConfiguration section */

/* Begin XCConfigurationList section */
		D8D6022F1414FD91007F8A29 /* Build configuration list for PBXProject "NDJSON" */ = {
			isa = XCConfigurationList;
			buildConfigurations = (
				D8D602511414FD92007F8A29 /* Debug */,
				D8D602521414FD92007F8A29 /* Release */,
			);
			defaultConfigurationIsVisible = 0;
			defaultConfigurationName = Release;
		};
		D8D602531414FD92007F8A29 /* Build configuration list for PBXNativeTarget "NDJSON" */ = {
			isa = XCConfigurationList;
			buildConfigurations = (
				D8D602541414FD92007F8A29 /* Debug */,
				D8D602551414FD92007F8A29 /* Release */,
			);
			defaultConfigurationIsVisible = 0;
			defaultConfigurationName = Release;
		};
/* End XCConfigurationList section */
	};
	rootObject = D8D6022C1414FD91007F8A29 /* Project object */;
}
